
Microsoft Visual Studio Solution File, Format Version 12.00
# Visual Studio Version 17
VisualStudioVersion = 17.14.36401.2 d17.14
MinimumVisualStudioVersion = 10.0.40219.1
Project("{FAE04EC0-301F-11D3-BF4B-00C04F79EFBC}") = "StudentApi", "StudentApi\StudentApi.csproj", "{D216F9F2-ECA7-4C2F-82E8-2A03A3575ADB}"
EndProject
Global
	GlobalSection(SolutionConfigurationPlatforms) = preSolution
		Debug|Any CPU = Debug|Any CPU
		Release|Any CPU = Release|Any CPU
	EndGlobalSection
	GlobalSection(ProjectConfigurationPlatforms) = postSolution
		{D216F9F2-ECA7-4C2F-82E8-2A03A3575ADB}.Debug|Any CPU.ActiveCfg = Debug|Any CPU
		{D216F9F2-ECA7-4C2F-82E8-2A03A3575ADB}.Debug|Any CPU.Build.0 = Debug|Any CPU
		{D216F9F2-ECA7-4C2F-82E8-2A03A3575ADB}.Release|Any CPU.ActiveCfg = Release|Any CPU
		{D216F9F2-ECA7-4C2F-82E8-2A03A3575ADB}.Release|Any CPU.Build.0 = Release|Any CPU
	EndGlobalSection
	GlobalSection(SolutionProperties) = preSolution
		HideSolutionNode = FALSE
	EndGlobalSection
	GlobalSection(ExtensibilityGlobals) = postSolution
		SolutionGuid = {68DE309D-1687-460C-932C-1181F08EFA09}
	EndGlobalSection
EndGlobal
